
Microsoft Visual Studio Solution File, Format Version 12.00
# Visual Studio Version 16
VisualStudioVersion = 16.0.30907.101
MinimumVisualStudioVersion = 10.0.40219.1
Project("{9A19103F-16F7-4668-BE54-9A1E7A4F7556}") = "KampIntro", "KampIntro\KampIntro.csproj", "{1BC5AD1A-1638-4185-94B2-01565B92CDC2}"
EndProject
Project("{9A19103F-16F7-4668-BE54-9A1E7A4F7556}") = "Donguler", "Donguler\Donguler.csproj", "{B63A2925-9B46-4DB6-8464-103510C628B3}"
EndProject
Project("{9A19103F-16F7-4668-BE54-9A1E7A4F7556}") = "ClassIntro", "ClassIntro\ClassIntro.csproj", "{265FC66A-290D-4F65-932A-3E9AA749EBBD}"
EndProject
Project("{9A19103F-16F7-4668-BE54-9A1E7A4F7556}") = "DongulerOdev", "DongulerOdev\DongulerOdev.csproj", "{355DA216-1D6C-41C2-B564-93A981452604}"
EndProject
Project("{9A19103F-16F7-4668-BE54-9A1E7A4F7556}") = "Metotlar", "Metotlar\Metotlar.csproj", "{89E17825-07D3-4258-9E16-827740573FCA}"
EndProject
Project("{9A19103F-16F7-4668-BE54-9A1E7A4F7556}") = "Matematik", "Matematik\Matematik.csproj", "{BCBF2CB6-B6F2-49D7-BFEA-B0E108BCC51F}"
EndProject
Project("{9A19103F-16F7-4668-BE54-9A1E7A4F7556}") = "DegerVeReferansTipler", "DegerVeReferansTipler\DegerVeReferansTipler.csproj", "{382201B7-66C3-45A7-9D93-9601BB27C074}"
EndProject
Project("{9A19103F-16F7-4668-BE54-9A1E7A4F7556}") = "OOP1", "OOP1\OOP1.csproj", "{E25B8FDD-19AF-4E93-A523-58DC0A89BCB3}"
EndProject
Project("{9A19103F-16F7-4668-BE54-9A1E7A4F7556}") = "Collections", "Collections\Collections.csproj", "{C196F3DC-FFA4-436F-B1B7-51C17F6F5E77}"
EndProject
Project("{9A19103F-16F7-4668-BE54-9A1E7A4F7556}") = "GenericsIntro", "GenericsIntro\GenericsIntro.csproj", "{D98BF0C6-EC4A-4468-ADB7-65E27E9DEC90}"
EndProject
Project("{9A19103F-16F7-4668-BE54-9A1E7A4F7556}") = "OOP2", "OOP2\OOP2.csproj", "{96488C5D-6555-4687-B9AF-8CD703148C32}"
EndProject
Project("{FAE04EC0-301F-11D3-BF4B-00C04F79EFBC}") = "OOP3", "OOP3\OOP3.csproj", "{40A98D07-B297-4457-A743-7D35853E8EFE}"
EndProject
Global
	GlobalSection(SolutionConfigurationPlatforms) = preSolution
		Debug|Any CPU = Debug|Any CPU
		Release|Any CPU = Release|Any CPU
	EndGlobalSection
	GlobalSection(ProjectConfigurationPlatforms) = postSolution
		{1BC5AD1A-1638-4185-94B2-01565B92CDC2}.Debug|Any CPU.ActiveCfg = Debug|Any CPU
		{1BC5AD1A-1638-4185-94B2-01565B92CDC2}.Debug|Any CPU.Build.0 = Debug|Any CPU
		{1BC5AD1A-1638-4185-94B2-01565B92CDC2}.Release|Any CPU.ActiveCfg = Release|Any CPU
		{1BC5AD1A-1638-4185-94B2-01565B92CDC2}.Release|Any CPU.Build.0 = Release|Any CPU
		{B63A2925-9B46-4DB6-8464-103510C628B3}.Debug|Any CPU.ActiveCfg = Debug|Any CPU
		{B63A2925-9B46-4DB6-8464-103510C628B3}.Debug|Any CPU.Build.0 = Debug|Any CPU
		{B63A2925-9B46-4DB6-8464-103510C628B3}.Release|Any CPU.ActiveCfg = Release|Any CPU
		{B63A2925-9B46-4DB6-8464-103510C628B3}.Release|Any CPU.Build.0 = Release|Any CPU
		{265FC66A-290D-4F65-932A-3E9AA749EBBD}.Debug|Any CPU.ActiveCfg = Debug|Any CPU
		{265FC66A-290D-4F65-932A-3E9AA749EBBD}.Debug|Any CPU.Build.0 = Debug|Any CPU
		{265FC66A-290D-4F65-932A-3E9AA749EBBD}.Release|Any CPU.ActiveCfg = Release|Any CPU
		{265FC66A-290D-4F65-932A-3E9AA749EBBD}.Release|Any CPU.Build.0 = Release|Any CPU
		{355DA216-1D6C-41C2-B564-93A981452604}.Debug|Any CPU.ActiveCfg = Debug|Any CPU
		{355DA216-1D6C-41C2-B564-93A981452604}.Debug|Any CPU.Build.0 = Debug|Any CPU
		{355DA216-1D6C-41C2-B564-93A981452604}.Release|Any CPU.ActiveCfg = Release|Any CPU
		{355DA216-1D6C-41C2-B564-93A981452604}.Release|Any CPU.Build.0 = Release|Any CPU
		{89E17825-07D3-4258-9E16-827740573FCA}.Debug|Any CPU.ActiveCfg = Debug|Any CPU
		{89E17825-07D3-4258-9E16-827740573FCA}.Debug|Any CPU.Build.0 = Debug|Any CPU
		{89E17825-07D3-4258-9E16-827740573FCA}.Release|Any CPU.ActiveCfg = Release|Any CPU
		{89E17825-07D3-4258-9E16-827740573FCA}.Release|Any CPU.Build.0 = Release|Any CPU
		{BCBF2CB6-B6F2-49D7-BFEA-B0E108BCC51F}.Debug|Any CPU.ActiveCfg = Debug|Any CPU
		{BCBF2CB6-B6F2-49D7-BFEA-B0E108BCC51F}.Debug|Any CPU.Build.0 = Debug|Any CPU
		{BCBF2CB6-B6F2-49D7-BFEA-B0E108BCC51F}.Release|Any CPU.ActiveCfg = Release|Any CPU
		{BCBF2CB6-B6F2-49D7-BFEA-B0E108BCC51F}.Release|Any CPU.Build.0 = Release|Any CPU
		{382201B7-66C3-45A7-9D93-9601BB27C074}.Debug|Any CPU.ActiveCfg = Debug|Any CPU
		{382201B7-66C3-45A7-9D93-9601BB27C074}.Debug|Any CPU.Build.0 = Debug|Any CPU
		{382201B7-66C3-45A7-9D93-9601BB27C074}.Release|Any CPU.ActiveCfg = Release|Any CPU
		{382201B7-66C3-45A7-9D93-9601BB27C074}.Release|Any CPU.Build.0 = Release|Any CPU
		{E25B8FDD-19AF-4E93-A523-58DC0A89BCB3}.Debug|Any CPU.ActiveCfg = Debug|Any CPU
		{E25B8FDD-19AF-4E93-A523-58DC0A89BCB3}.Debug|Any CPU.Build.0 = Debug|Any CPU
		{E25B8FDD-19AF-4E93-A523-58DC0A89BCB3}.Release|Any CPU.ActiveCfg = Release|Any CPU
		{E25B8FDD-19AF-4E93-A523-58DC0A89BCB3}.Release|Any CPU.Build.0 = Release|Any CPU
		{C196F3DC-FFA4-436F-B1B7-51C17F6F5E77}.Debug|Any CPU.ActiveCfg = Debug|Any CPU
		{C196F3DC-FFA4-436F-B1B7-51C17F6F5E77}.Debug|Any CPU.Build.0 = Debug|Any CPU
		{C196F3DC-FFA4-436F-B1B7-51C17F6F5E77}.Release|Any CPU.ActiveCfg = Release|Any CPU
		{C196F3DC-FFA4-436F-B1B7-51C17F6F5E77}.Release|Any CPU.Build.0 = Release|Any CPU
		{D98BF0C6-EC4A-4468-ADB7-65E27E9DEC90}.Debug|Any CPU.ActiveCfg = Debug|Any CPU
		{D98BF0C6-EC4A-4468-ADB7-65E27E9DEC90}.Debug|Any CPU.Build.0 = Debug|Any CPU
		{D98BF0C6-EC4A-4468-ADB7-65E27E9DEC90}.Release|Any CPU.ActiveCfg = Release|Any CPU
		{D98BF0C6-EC4A-4468-ADB7-65E27E9DEC90}.Release|Any CPU.Build.0 = Release|Any CPU
		{96488C5D-6555-4687-B9AF-8CD703148C32}.Debug|Any CPU.ActiveCfg = Debug|Any CPU
		{96488C5D-6555-4687-B9AF-8CD703148C32}.Debug|Any CPU.Build.0 = Debug|Any CPU
		{96488C5D-6555-4687-B9AF-8CD703148C32}.Release|Any CPU.ActiveCfg = Release|Any CPU
		{96488C5D-6555-4687-B9AF-8CD703148C32}.Release|Any CPU.Build.0 = Release|Any CPU
		{40A98D07-B297-4457-A743-7D35853E8EFE}.Debug|Any CPU.ActiveCfg = Debug|Any CPU
		{40A98D07-B297-4457-A743-7D35853E8EFE}.Debug|Any CPU.Build.0 = Debug|Any CPU
		{40A98D07-B297-4457-A743-7D35853E8EFE}.Release|Any CPU.ActiveCfg = Release|Any CPU
		{40A98D07-B297-4457-A743-7D35853E8EFE}.Release|Any CPU.Build.0 = Release|Any CPU
	EndGlobalSection
	GlobalSection(SolutionProperties) = preSolution
		HideSolutionNode = FALSE
	EndGlobalSection
	GlobalSection(ExtensibilityGlobals) = postSolution
		SolutionGuid = {B1299340-5038-43E1-8669-B6257784616C}
	EndGlobalSection
EndGlobal
